
Microsoft Visual Studio Solution File, Format Version 12.00
# Visual Studio Version 17
VisualStudioVersion = 17.4.33122.133
MinimumVisualStudioVersion = 10.0.40219.1
Project("{FAE04EC0-301F-11D3-BF4B-00C04F79EFBC}") = "ConsoleApp1", "ConsoleApp1\ConsoleApp1.csproj", "{59957456-0E3D-4912-A6C2-E7690E05D160}"
EndProject
Global
	GlobalSection(SolutionConfigurationPlatforms) = preSolution
		Debug|Any CPU = Debug|Any CPU
		Release|Any CPU = Release|Any CPU
	EndGlobalSection
	GlobalSection(ProjectConfigurationPlatforms) = postSolution
		{59957456-0E3D-4912-A6C2-E7690E05D160}.Debug|Any CPU.ActiveCfg = Debug|Any CPU
		{59957456-0E3D-4912-A6C2-E7690E05D160}.Debug|Any CPU.Build.0 = Debug|Any CPU
		{59957456-0E3D-4912-A6C2-E7690E05D160}.Release|Any CPU.ActiveCfg = Release|Any CPU
		{59957456-0E3D-4912-A6C2-E7690E05D160}.Release|Any CPU.Build.0 = Release|Any CPU
	EndGlobalSection
	GlobalSection(SolutionProperties) = preSolution
		HideSolutionNode = FALSE
	EndGlobalSection
	GlobalSection(ExtensibilityGlobals) = postSolution
		SolutionGuid = {16158380-80B2-44A5-B86E-71671B168348}
	EndGlobalSection
EndGlobal
